
Microsoft Visual Studio Solution File, Format Version 12.00
# Visual Studio Version 17
VisualStudioVersion = 17.10.34928.147
MinimumVisualStudioVersion = 10.0.40219.1
Project("{FAE04EC0-301F-11D3-BF4B-00C04F79EFBC}") = "CityStore", "CityStore\CityStore.csproj", "{7A7F587E-19E7-4CFE-A8D6-96DFC7A1318E}"
EndProject
Global
	GlobalSection(SolutionConfigurationPlatforms) = preSolution
		Debug|Any CPU = Debug|Any CPU
		Release|Any CPU = Release|Any CPU
	EndGlobalSection
	GlobalSection(ProjectConfigurationPlatforms) = postSolution
		{7A7F587E-19E7-4CFE-A8D6-96DFC7A1318E}.Debug|Any CPU.ActiveCfg = Debug|Any CPU
		{7A7F587E-19E7-4CFE-A8D6-96DFC7A1318E}.Debug|Any CPU.Build.0 = Debug|Any CPU
		{7A7F587E-19E7-4CFE-A8D6-96DFC7A1318E}.Release|Any CPU.ActiveCfg = Release|Any CPU
		{7A7F587E-19E7-4CFE-A8D6-96DFC7A1318E}.Release|Any CPU.Build.0 = Release|Any CPU
	EndGlobalSection
	GlobalSection(SolutionProperties) = preSolution
		HideSolutionNode = FALSE
	EndGlobalSection
	GlobalSection(ExtensibilityGlobals) = postSolution
		SolutionGuid = {463A49BC-437A-4A97-BD17-D32E83F8BC36}
	EndGlobalSection
EndGlobal
